
Microsoft Visual Studio Solution File, Format Version 12.00
# Visual Studio Version 17
VisualStudioVersion = 17.14.37111.16 d17.14
MinimumVisualStudioVersion = 10.0.40219.1
Project("{FAE04EC0-301F-11D3-BF4B-00C04F79EFBC}") = "osuStats", "osuStats.csproj", "{2F38D141-34C4-4335-B083-93A68C40277E}"
EndProject
Global
	GlobalSection(SolutionConfigurationPlatforms) = preSolution
		Debug|Any CPU = Debug|Any CPU
		Release|Any CPU = Release|Any CPU
	EndGlobalSection
	GlobalSection(ProjectConfigurationPlatforms) = postSolution
		{2F38D141-34C4-4335-B083-93A68C40277E}.Debug|Any CPU.ActiveCfg = Debug|Any CPU
		{2F38D141-34C4-4335-B083-93A68C40277E}.Debug|Any CPU.Build.0 = Debug|Any CPU
		{2F38D141-34C4-4335-B083-93A68C40277E}.Release|Any CPU.ActiveCfg = Release|Any CPU
		{2F38D141-34C4-4335-B083-93A68C40277E}.Release|Any CPU.Build.0 = Release|Any CPU
	EndGlobalSection
	GlobalSection(SolutionProperties) = preSolution
		HideSolutionNode = FALSE
	EndGlobalSection
	GlobalSection(ExtensibilityGlobals) = postSolution
		SolutionGuid = {7E86EB9A-F3A6-4305-B2CB-AF040D8B0290}
	EndGlobalSection
EndGlobal
